{
	"name": "table-merge-styles-table",
	"version": "1.0.0",
	"lockfileVersion": 1,
	"requires": true,
	"dependencies": {
		"@uifabric/merge-styles": {
			"version": "5.12.2",
			"resolved": "https://registry.npmjs.org/@uifabric/merge-styles/-/merge-styles-5.12.2.tgz",
			"integrity": "sha512-PVUu9IIa6voT5YvZAfd3GJvHZpTyA6m3WCAqSjCvNScGJN1EdQ9YQjfJpC1FWsUNYcXIBQqLl7YiuAE+aCz99A==",
			"requires": {
				"tslib": "1.9.0"
			}
		},
		"tslib": {
			"version": "1.9.0",
			"resolved": "https://registry.npmjs.org/tslib/-/tslib-1.9.0.tgz",
			"integrity": "sha512-f/qGG2tUkrISBlQZEjEqoZ3B2+npJjIf04H1wuAv9iA8i04Icp+61KRXxFdha22670NJopsZCIjhC3SnjPRKrQ=="
		}
	}
}
