# THIS IS AN AUTOGENERATED FILE. DO NOT EDIT THIS FILE DIRECTLY.
# yarn lockfile v1


"@uifabric/merge-styles@5.12.2":
  version "5.12.2"
  resolved "https://registry.yarnpkg.com/@uifabric/merge-styles/-/merge-styles-5.12.2.tgz#f7ba51a8c36443467c6215b8cad0b9d26f93c032"
  integrity sha512-PVUu9IIa6voT5YvZAfd3GJvHZpTyA6m3WCAqSjCvNScGJN1EdQ9YQjfJpC1FWsUNYcXIBQqLl7YiuAE+aCz99A==
  dependencies:
    tslib "^1.7.1"

tslib@^1.7.1:
  version "1.9.3"
  resolved "https://registry.yarnpkg.com/tslib/-/tslib-1.9.3.tgz#d7e4dd79245d85428c4d7e4822a79917954ca286"
  integrity sha512-4krF8scpejhaOgqzBEcGM7yDIEfi0/8+8zDRZhNZZ2kjmHJ4hv3zCbQWxoJGz1iw5U0Jl0nma13xzHXcncMavQ==
