# THIS IS AN AUTOGENERATED FILE. DO NOT EDIT THIS FILE DIRECTLY.
# yarn lockfile v1


"@babel/runtime@^7.3.1", "@babel/runtime@^7.5.5":
  version "7.6.0"
  resolved "https://registry.yarnpkg.com/@babel/runtime/-/runtime-7.6.0.tgz#4fc1d642a9fd0299754e8b5de62c631cf5568205"
  dependencies:
    regenerator-runtime "^0.13.2"

"@emotion/is-prop-valid@^0.7.3":
  version "0.7.3"
  resolved "https://registry.yarnpkg.com/@emotion/is-prop-valid/-/is-prop-valid-0.7.3.tgz#a6bf4fa5387cbba59d44e698a4680f481a8da6cc"
  dependencies:
    "@emotion/memoize" "0.7.1"

"@emotion/memoize@0.7.1":
  version "0.7.1"
  resolved "https://registry.yarnpkg.com/@emotion/memoize/-/memoize-0.7.1.tgz#e93c13942592cf5ef01aa8297444dc192beee52f"

babel-runtime@6.23.0:
  version "6.23.0"
  resolved "https://registry.yarnpkg.com/babel-runtime/-/babel-runtime-6.23.0.tgz#0a9489f144de70efb3ce4300accdb329e2fc543b"
  dependencies:
    core-js "^2.4.0"
    regenerator-runtime "^0.10.0"

core-js@^2.4.0:
  version "2.4.1"
  resolved "https://registry.yarnpkg.com/core-js/-/core-js-2.4.1.tgz#4de911e667b0eae9124e34254b53aea6fc618d3e"

css-jss@10.0.0:
  version "10.0.0"
  resolved "https://registry.yarnpkg.com/css-jss/-/css-jss-10.0.0.tgz#58fc9d19593ddcf4857855743c6066a113fefd17"
  dependencies:
    "@babel/runtime" "^7.3.1"
    jss "10.0.0"
    jss-preset-default "10.0.0"

css-vendor@^2.0.6:
  version "2.0.6"
  resolved "https://registry.yarnpkg.com/css-vendor/-/css-vendor-2.0.6.tgz#a205f73d7562e8728c86ef6ce5ee7c7e5eefd71b"
  dependencies:
    "@babel/runtime" "^7.5.5"
    is-in-browser "^1.0.2"

csstype@^2.6.5:
  version "2.6.6"
  resolved "https://registry.yarnpkg.com/csstype/-/csstype-2.6.6.tgz#c34f8226a94bbb10c32cc0d714afdf942291fc41"

hoist-non-react-statics@^3.2.0, hoist-non-react-statics@^3.3.0:
  version "3.3.0"
  resolved "https://registry.yarnpkg.com/hoist-non-react-statics/-/hoist-non-react-statics-3.3.0.tgz#b09178f0122184fb95acf525daaecb4d8f45958b"
  dependencies:
    react-is "^16.7.0"

hyphenate-style-name@^1.0.3:
  version "1.0.3"
  resolved "https://registry.yarnpkg.com/hyphenate-style-name/-/hyphenate-style-name-1.0.3.tgz#097bb7fa0b8f1a9cf0bd5c734cf95899981a9b48"

is-in-browser@^1.0.2:
  version "1.0.2"
  resolved "https://registry.yarnpkg.com/is-in-browser/-/is-in-browser-1.0.2.tgz#f688bea8f1e5aadc3244ebc870d188cfb9b613cf"

is-in-browser@^1.1.3:
  version "1.1.3"
  resolved "https://registry.yarnpkg.com/is-in-browser/-/is-in-browser-1.1.3.tgz#56ff4db683a078c6082eb95dad7dc62e1d04f835"

js-tokens@^3.0.0:
  version "3.0.1"
  resolved "https://registry.yarnpkg.com/js-tokens/-/js-tokens-3.0.1.tgz#08e9f132484a2c45a30907e9dc4d5567b7f114d7"

"js-tokens@^3.0.0 || ^4.0.0":
  version "4.0.0"
  resolved "https://registry.yarnpkg.com/js-tokens/-/js-tokens-4.0.0.tgz#19203fb59991df98e3a287050d4647cdeaf32499"

jss-plugin-camel-case@10.0.0:
  version "10.0.0"
  resolved "https://registry.yarnpkg.com/jss-plugin-camel-case/-/jss-plugin-camel-case-10.0.0.tgz#d601bae2e8e2041cc526add289dcd7062db0a248"
  dependencies:
    "@babel/runtime" "^7.3.1"
    hyphenate-style-name "^1.0.3"
    jss "10.0.0"

jss-plugin-compose@10.0.0:
  version "10.0.0"
  resolved "https://registry.yarnpkg.com/jss-plugin-compose/-/jss-plugin-compose-10.0.0.tgz#6a33566373b9d98b2c086d41b7477d5391b0ec91"
  dependencies:
    "@babel/runtime" "^7.3.1"
    jss "10.0.0"
    tiny-warning "^1.0.2"

jss-plugin-default-unit@10.0.0:
  version "10.0.0"
  resolved "https://registry.yarnpkg.com/jss-plugin-default-unit/-/jss-plugin-default-unit-10.0.0.tgz#601caf5f576fc0c66986fbe8a9aa37307a3a3ea3"
  dependencies:
    "@babel/runtime" "^7.3.1"
    jss "10.0.0"

jss-plugin-expand@10.0.0:
  version "10.0.0"
  resolved "https://registry.yarnpkg.com/jss-plugin-expand/-/jss-plugin-expand-10.0.0.tgz#ab6a3fac5925267c9d25119aa51de7756b4ff8d8"
  dependencies:
    "@babel/runtime" "^7.3.1"
    jss "10.0.0"

jss-plugin-extend@10.0.0:
  version "10.0.0"
  resolved "https://registry.yarnpkg.com/jss-plugin-extend/-/jss-plugin-extend-10.0.0.tgz#0ce24831b41b622ae3f0f29a519200e864fd303c"
  dependencies:
    "@babel/runtime" "^7.3.1"
    jss "10.0.0"
    tiny-warning "^1.0.2"

jss-plugin-global@10.0.0:
  version "10.0.0"
  resolved "https://registry.yarnpkg.com/jss-plugin-global/-/jss-plugin-global-10.0.0.tgz#0fed1b6461e0d57d6e394f877529009bc1cb3cb6"
  dependencies:
    "@babel/runtime" "^7.3.1"
    jss "10.0.0"

jss-plugin-nested@10.0.0:
  version "10.0.0"
  resolved "https://registry.yarnpkg.com/jss-plugin-nested/-/jss-plugin-nested-10.0.0.tgz#d37ecc013c3b0d0e4acc2b48f6b62da6ae53948b"
  dependencies:
    "@babel/runtime" "^7.3.1"
    jss "10.0.0"
    tiny-warning "^1.0.2"

jss-plugin-props-sort@10.0.0:
  version "10.0.0"
  resolved "https://registry.yarnpkg.com/jss-plugin-props-sort/-/jss-plugin-props-sort-10.0.0.tgz#38a13407384c2a4a7c026659488350669b953b18"
  dependencies:
    "@babel/runtime" "^7.3.1"
    jss "10.0.0"

jss-plugin-rule-value-function@10.0.0:
  version "10.0.0"
  resolved "https://registry.yarnpkg.com/jss-plugin-rule-value-function/-/jss-plugin-rule-value-function-10.0.0.tgz#3ec1b781b7c86080136dbef6c36e91f20244b72e"
  dependencies:
    "@babel/runtime" "^7.3.1"
    jss "10.0.0"

jss-plugin-rule-value-observable@10.0.0:
  version "10.0.0"
  resolved "https://registry.yarnpkg.com/jss-plugin-rule-value-observable/-/jss-plugin-rule-value-observable-10.0.0.tgz#1e801cbd35f29d08a6184bb073b2565376319e1e"
  dependencies:
    "@babel/runtime" "^7.3.1"
    jss "10.0.0"
    symbol-observable "^1.2.0"

jss-plugin-template@10.0.0:
  version "10.0.0"
  resolved "https://registry.yarnpkg.com/jss-plugin-template/-/jss-plugin-template-10.0.0.tgz#b656c95ef3994a78e1bcc7f177818b31f8015d34"
  dependencies:
    "@babel/runtime" "^7.3.1"
    jss "10.0.0"
    tiny-warning "^1.0.2"

jss-plugin-vendor-prefixer@10.0.0:
  version "10.0.0"
  resolved "https://registry.yarnpkg.com/jss-plugin-vendor-prefixer/-/jss-plugin-vendor-prefixer-10.0.0.tgz#400280535b0f483a9c78105afe4eee61b70018eb"
  dependencies:
    "@babel/runtime" "^7.3.1"
    css-vendor "^2.0.6"
    jss "10.0.0"

jss-preset-default@10.0.0:
  version "10.0.0"
  resolved "https://registry.yarnpkg.com/jss-preset-default/-/jss-preset-default-10.0.0.tgz#ea6941b453f70f300087889ff5d81d010bfbf7e3"
  dependencies:
    "@babel/runtime" "^7.3.1"
    jss "10.0.0"
    jss-plugin-camel-case "10.0.0"
    jss-plugin-compose "10.0.0"
    jss-plugin-default-unit "10.0.0"
    jss-plugin-expand "10.0.0"
    jss-plugin-extend "10.0.0"
    jss-plugin-global "10.0.0"
    jss-plugin-nested "10.0.0"
    jss-plugin-props-sort "10.0.0"
    jss-plugin-rule-value-function "10.0.0"
    jss-plugin-rule-value-observable "10.0.0"
    jss-plugin-template "10.0.0"
    jss-plugin-vendor-prefixer "10.0.0"

jss@10.0.0:
  version "10.0.0"
  resolved "https://registry.yarnpkg.com/jss/-/jss-10.0.0.tgz#998d5026c02accae15708de83bd6ba57bac977d2"
  dependencies:
    "@babel/runtime" "^7.3.1"
    csstype "^2.6.5"
    is-in-browser "^1.1.3"
    tiny-warning "^1.0.2"

loose-envify@^1.1.0:
  version "1.3.1"
  resolved "https://registry.yarnpkg.com/loose-envify/-/loose-envify-1.3.1.tgz#d1a8ad33fa9ce0e713d65fdd0ac8b748d478c848"
  dependencies:
    js-tokens "^3.0.0"

loose-envify@^1.4.0:
  version "1.4.0"
  resolved "https://registry.yarnpkg.com/loose-envify/-/loose-envify-1.4.0.tgz#71ee51fa7be4caec1a63839f7e682d8132d30caf"
  dependencies:
    js-tokens "^3.0.0 || ^4.0.0"

object-assign@^4.1.1:
  version "4.1.1"
  resolved "https://registry.yarnpkg.com/object-assign/-/object-assign-4.1.1.tgz#2109adc7965887cfc05cbbd442cac8bfbb360863"

prop-types@^15.5.8, prop-types@^15.6.0, prop-types@^15.6.2:
  version "15.7.2"
  resolved "https://registry.yarnpkg.com/prop-types/-/prop-types-15.7.2.tgz#52c41e75b8c87e72b9d9360e0206b99dcbffa6c5"
  dependencies:
    loose-envify "^1.4.0"
    object-assign "^4.1.1"
    react-is "^16.8.1"

react-display-name@^0.2.4:
  version "0.2.4"
  resolved "https://registry.yarnpkg.com/react-display-name/-/react-display-name-0.2.4.tgz#e2a670b81d79a2204335510c01246f4c92ff12cf"

react-dom@^16.9.0:
  version "16.9.0"
  resolved "https://registry.yarnpkg.com/react-dom/-/react-dom-16.9.0.tgz#5e65527a5e26f22ae3701131bcccaee9fb0d3962"
  dependencies:
    loose-envify "^1.1.0"
    object-assign "^4.1.1"
    prop-types "^15.6.2"
    scheduler "^0.15.0"

react-is@^16.7.0, react-is@^16.8.1:
  version "16.9.0"
  resolved "https://registry.yarnpkg.com/react-is/-/react-is-16.9.0.tgz#21ca9561399aad0ff1a7701c01683e8ca981edcb"

react-jss@^10.0.0:
  version "10.0.0"
  resolved "https://registry.yarnpkg.com/react-jss/-/react-jss-10.0.0.tgz#fdde48eabe85c807a0729518e13eae25fc46e59a"
  dependencies:
    "@babel/runtime" "^7.3.1"
    "@emotion/is-prop-valid" "^0.7.3"
    css-jss "10.0.0"
    hoist-non-react-statics "^3.2.0"
    is-in-browser "^1.1.3"
    jss "10.0.0"
    jss-preset-default "10.0.0"
    prop-types "^15.6.0"
    shallow-equal "^1.2.0"
    theming "3.2.0"
    tiny-warning "^1.0.2"

react@^16.9.0:
  version "16.9.0"
  resolved "https://registry.yarnpkg.com/react/-/react-16.9.0.tgz#40ba2f9af13bc1a38d75dbf2f4359a5185c4f7aa"
  dependencies:
    loose-envify "^1.1.0"
    object-assign "^4.1.1"
    prop-types "^15.6.2"

regenerator-runtime@^0.10.0:
  version "0.10.5"
  resolved "https://registry.yarnpkg.com/regenerator-runtime/-/regenerator-runtime-0.10.5.tgz#336c3efc1220adcedda2c9fab67b5a7955a33658"

regenerator-runtime@^0.13.2:
  version "0.13.3"
  resolved "https://registry.yarnpkg.com/regenerator-runtime/-/regenerator-runtime-0.13.3.tgz#7cf6a77d8f5c6f60eb73c5fc1955b2ceb01e6bf5"

scheduler@^0.15.0:
  version "0.15.0"
  resolved "https://registry.yarnpkg.com/scheduler/-/scheduler-0.15.0.tgz#6bfcf80ff850b280fed4aeecc6513bc0b4f17f8e"
  dependencies:
    loose-envify "^1.1.0"
    object-assign "^4.1.1"

shallow-equal@^1.2.0:
  version "1.2.0"
  resolved "https://registry.yarnpkg.com/shallow-equal/-/shallow-equal-1.2.0.tgz#fd828d2029ff4e19569db7e19e535e94e2d1f5cc"

symbol-observable@^1.2.0:
  version "1.2.0"
  resolved "https://registry.yarnpkg.com/symbol-observable/-/symbol-observable-1.2.0.tgz#c22688aed4eab3cdc2dfeacbb561660560a00804"

theming@3.2.0:
  version "3.2.0"
  resolved "https://registry.yarnpkg.com/theming/-/theming-3.2.0.tgz#237b13ae46e0596a7d1dc2ce4a31bcfce52cad8e"
  dependencies:
    hoist-non-react-statics "^3.3.0"
    prop-types "^15.5.8"
    react-display-name "^0.2.4"
    tiny-warning "^1.0.2"

tiny-warning@^1.0.2:
  version "1.0.3"
  resolved "https://registry.yarnpkg.com/tiny-warning/-/tiny-warning-1.0.3.tgz#94a30db453df4c643d0fd566060d60a875d84754"
