# THIS IS AN AUTOGENERATED FILE. DO NOT EDIT THIS FILE DIRECTLY.
# yarn lockfile v1


asap@^2.0.5:
  version "2.0.5"
  resolved "https://registry.yarnpkg.com/asap/-/asap-2.0.5.tgz#522765b50c3510490e52d7dcfe085ef9ba96958f"

classnames@^2.2.5:
  version "2.2.5"
  resolved "https://registry.yarnpkg.com/classnames/-/classnames-2.2.5.tgz#fb3801d453467649ef3603c7d61a02bd129bde6d"

css-vendor@^0.3.8:
  version "0.3.8"
  resolved "https://registry.yarnpkg.com/css-vendor/-/css-vendor-0.3.8.tgz#6421cfd3034ce664fe7673972fd0119fc28941fa"
  dependencies:
    is-in-browser "^1.0.2"

is-in-browser@^1.0.2:
  version "1.1.3"
  resolved "https://registry.yarnpkg.com/is-in-browser/-/is-in-browser-1.1.3.tgz#56ff4db683a078c6082eb95dad7dc62e1d04f835"

is-react-prop@^0.1.2:
  version "0.1.2"
  resolved "https://registry.yarnpkg.com/is-react-prop/-/is-react-prop-0.1.2.tgz#b22fbcf6190e91e81939132a110bb94642b56903"

lodash@^4.17.4:
  version "4.17.4"
  resolved "https://registry.yarnpkg.com/lodash/-/lodash-4.17.4.tgz#78203a4d1c328ae1d86dca6460e369b57f4055ae"

rockey-css-parse@^0.0.14:
  version "0.0.14"
  resolved "https://registry.yarnpkg.com/rockey-css-parse/-/rockey-css-parse-0.0.14.tgz#5e927753a17b255d7160fac3df4be061c09c9a9c"
  dependencies:
    lodash "^4.17.4"

rockey-react@=0.0.14:
  version "0.0.14"
  resolved "https://registry.yarnpkg.com/rockey-react/-/rockey-react-0.0.14.tgz#9cd8193735bcb2de9fdbcbd0851a568cad960752"
  dependencies:
    classnames "^2.2.5"
    is-react-prop "^0.1.2"
    lodash "^4.17.4"
    rockey "^0.0.14"

rockey@^0.0.14:
  version "0.0.14"
  resolved "https://registry.yarnpkg.com/rockey/-/rockey-0.0.14.tgz#00e32440d7c763d7b7cf8be2f94fe3f2d2797754"
  dependencies:
    asap "^2.0.5"
    classnames "^2.2.5"
    css-vendor "^0.3.8"
    lodash "^4.17.4"
    rockey-css-parse "^0.0.14"
