{
  "requires": true,
  "lockfileVersion": 1,
  "dependencies": {
    "@styled-system/background": {
      "version": "5.1.2",
      "resolved": "https://registry.npmjs.org/@styled-system/background/-/background-5.1.2.tgz",
      "integrity": "sha512-jtwH2C/U6ssuGSvwTN3ri/IyjdHb8W9X/g8Y0JLcrH02G+BW3OS8kZdHphF1/YyRklnrKrBT2ngwGUK6aqqV3A==",
      "requires": {
        "@styled-system/core": "^5.1.2"
      }
    },
    "@styled-system/border": {
      "version": "5.1.2",
      "resolved": "https://registry.npmjs.org/@styled-system/border/-/border-5.1.2.tgz",
      "integrity": "sha512-mSSxyQGXELdNSOlf4RqaOKsX+w6//zooR3p6qDj5Zgc5pIdEsJm63QLz6EST/6xBJwTX0Z1w4ExItdd6Q7rlTQ==",
      "requires": {
        "@styled-system/core": "^5.1.2"
      }
    },
    "@styled-system/color": {
      "version": "5.1.2",
      "resolved": "https://registry.npmjs.org/@styled-system/color/-/color-5.1.2.tgz",
      "integrity": "sha512-1kCkeKDZkt4GYkuFNKc7vJQMcOmTl3bJY3YBUs7fCNM6mMYJeT1pViQ2LwBSBJytj3AB0o4IdLBoepgSgGl5MA==",
      "requires": {
        "@styled-system/core": "^5.1.2"
      }
    },
    "@styled-system/core": {
      "version": "5.1.2",
      "resolved": "https://registry.npmjs.org/@styled-system/core/-/core-5.1.2.tgz",
      "integrity": "sha512-XclBDdNIy7OPOsN4HBsawG2eiWfCcuFt6gxKn1x4QfMIgeO6TOlA2pZZ5GWZtIhCUqEPTgIBta6JXsGyCkLBYw==",
      "requires": {
        "object-assign": "^4.1.1"
      }
    },
    "@styled-system/css": {
      "version": "5.1.4",
      "resolved": "https://registry.npmjs.org/@styled-system/css/-/css-5.1.4.tgz",
      "integrity": "sha512-79IFT37Kxb6dlbx/0hwIGOakNHkK5oU3cMypGziShnEK8WMgK/+vuAi4MHO7uLI+FZ5U8MGYvGY9Gtk0mBzxSg=="
    },
    "@styled-system/flexbox": {
      "version": "5.1.2",
      "resolved": "https://registry.npmjs.org/@styled-system/flexbox/-/flexbox-5.1.2.tgz",
      "integrity": "sha512-6hHV52+eUk654Y1J2v77B8iLeBNtc+SA3R4necsu2VVinSD7+XY5PCCEzBFaWs42dtOEDIa2lMrgL0YBC01mDQ==",
      "requires": {
        "@styled-system/core": "^5.1.2"
      }
    },
    "@styled-system/grid": {
      "version": "5.1.2",
      "resolved": "https://registry.npmjs.org/@styled-system/grid/-/grid-5.1.2.tgz",
      "integrity": "sha512-K3YiV1KyHHzgdNuNlaw8oW2ktMuGga99o1e/NAfTEi5Zsa7JXxzwEnVSDSBdJC+z6R8WYTCYRQC6bkVFcvdTeg==",
      "requires": {
        "@styled-system/core": "^5.1.2"
      }
    },
    "@styled-system/layout": {
      "version": "5.1.2",
      "resolved": "https://registry.npmjs.org/@styled-system/layout/-/layout-5.1.2.tgz",
      "integrity": "sha512-wUhkMBqSeacPFhoE9S6UF3fsMEKFv91gF4AdDWp0Aym1yeMPpqz9l9qS/6vjSsDPF7zOb5cOKC3tcKKOMuDCPw==",
      "requires": {
        "@styled-system/core": "^5.1.2"
      }
    },
    "@styled-system/position": {
      "version": "5.1.2",
      "resolved": "https://registry.npmjs.org/@styled-system/position/-/position-5.1.2.tgz",
      "integrity": "sha512-60IZfMXEOOZe3l1mCu6sj/2NAyUmES2kR9Kzp7s2D3P4qKsZWxD1Se1+wJvevb+1TP+ZMkGPEYYXRyU8M1aF5A==",
      "requires": {
        "@styled-system/core": "^5.1.2"
      }
    },
    "@styled-system/shadow": {
      "version": "5.1.2",
      "resolved": "https://registry.npmjs.org/@styled-system/shadow/-/shadow-5.1.2.tgz",
      "integrity": "sha512-wqniqYb7XuZM7K7C0d1Euxc4eGtqEe/lvM0WjuAFsQVImiq6KGT7s7is+0bNI8O4Dwg27jyu4Lfqo/oIQXNzAg==",
      "requires": {
        "@styled-system/core": "^5.1.2"
      }
    },
    "@styled-system/space": {
      "version": "5.1.2",
      "resolved": "https://registry.npmjs.org/@styled-system/space/-/space-5.1.2.tgz",
      "integrity": "sha512-+zzYpR8uvfhcAbaPXhH8QgDAV//flxqxSjHiS9cDFQQUSznXMQmxJegbhcdEF7/eNnJgHeIXv1jmny78kipgBA==",
      "requires": {
        "@styled-system/core": "^5.1.2"
      }
    },
    "@styled-system/typography": {
      "version": "5.1.2",
      "resolved": "https://registry.npmjs.org/@styled-system/typography/-/typography-5.1.2.tgz",
      "integrity": "sha512-BxbVUnN8N7hJ4aaPOd7wEsudeT7CxarR+2hns8XCX1zp0DFfbWw4xYa/olA0oQaqx7F1hzDg+eRaGzAJbF+jOg==",
      "requires": {
        "@styled-system/core": "^5.1.2"
      }
    },
    "@styled-system/variant": {
      "version": "5.1.4",
      "resolved": "https://registry.npmjs.org/@styled-system/variant/-/variant-5.1.4.tgz",
      "integrity": "sha512-4bI2AYQfWU/ljvWlysKU8T+6gsVx5xXEI/yBvg2De7Jd6o03ZQ9tsL3OJwbzyMkIKg+UZp7YG190txEOb8K6tg==",
      "requires": {
        "@styled-system/core": "^5.1.2",
        "@styled-system/css": "^5.1.4"
      }
    },
    "hash-sum": {
      "version": "2.0.0",
      "resolved": "https://registry.npmjs.org/hash-sum/-/hash-sum-2.0.0.tgz",
      "integrity": "sha512-WdZTbAByD+pHfl/g9QSsBIIwy8IT+EsPiKDs0KNX+zSHhdDLFKdZu0BQHljvO+0QI/BasbMSUa8wYNCZTvhslg=="
    },
    "js-tokens": {
      "version": "4.0.0",
      "resolved": "https://registry.npmjs.org/js-tokens/-/js-tokens-4.0.0.tgz",
      "integrity": "sha512-RdJUflcE3cUzKiMqQgsCu06FPu9UdIJO0beYbPhHN4k6apgJtifcoCtT9bcxOpYBtpD2kCM6Sbzg4CausW/PKQ=="
    },
    "loose-envify": {
      "version": "1.4.0",
      "resolved": "https://registry.npmjs.org/loose-envify/-/loose-envify-1.4.0.tgz",
      "integrity": "sha512-lyuxPGr/Wfhrlem2CL/UcnUc1zcqKAImBDzukY7Y5F/yQiNdko6+fRLevlw1HgMySw7f611UIY408EtxRSoK3Q==",
      "requires": {
        "js-tokens": "^3.0.0 || ^4.0.0"
      }
    },
    "object-assign": {
      "version": "4.1.1",
      "resolved": "https://registry.npmjs.org/object-assign/-/object-assign-4.1.1.tgz",
      "integrity": "sha1-IQmtx5ZYh8/AXLvUQsrIv7s2CGM="
    },
    "prop-types": {
      "version": "15.7.2",
      "resolved": "https://registry.npmjs.org/prop-types/-/prop-types-15.7.2.tgz",
      "integrity": "sha512-8QQikdH7//R2vurIJSutZ1smHYTcLpRWEOlHnzcWHmBYrOGUysKwSsrC89BCiFj3CbrfJ/nXFdJepOVrY1GCHQ==",
      "requires": {
        "loose-envify": "^1.4.0",
        "object-assign": "^4.1.1",
        "react-is": "^16.8.1"
      }
    },
    "react": {
      "version": "16.8.6",
      "resolved": "https://registry.npmjs.org/react/-/react-16.8.6.tgz",
      "integrity": "sha512-pC0uMkhLaHm11ZSJULfOBqV4tIZkx87ZLvbbQYunNixAAvjnC+snJCg0XQXn9VIsttVsbZP/H/ewzgsd5fxKXw==",
      "requires": {
        "loose-envify": "^1.1.0",
        "object-assign": "^4.1.1",
        "prop-types": "^15.6.2",
        "scheduler": "^0.13.6"
      }
    },
    "react-dom": {
      "version": "16.8.6",
      "resolved": "https://registry.npmjs.org/react-dom/-/react-dom-16.8.6.tgz",
      "integrity": "sha512-1nL7PIq9LTL3fthPqwkvr2zY7phIPjYrT0jp4HjyEQrEROnw4dG41VVwi/wfoCneoleqrNX7iAD+pXebJZwrwA==",
      "requires": {
        "loose-envify": "^1.1.0",
        "object-assign": "^4.1.1",
        "prop-types": "^15.6.2",
        "scheduler": "^0.13.6"
      }
    },
    "react-is": {
      "version": "16.12.0",
      "resolved": "https://registry.npmjs.org/react-is/-/react-is-16.12.0.tgz",
      "integrity": "sha512-rPCkf/mWBtKc97aLL9/txD8DZdemK0vkA3JMLShjlJB3Pj3s+lpf1KaBzMfQrAmhMQB0n1cU/SUGgKKBCe837Q=="
    },
    "scheduler": {
      "version": "0.13.6",
      "resolved": "https://registry.npmjs.org/scheduler/-/scheduler-0.13.6.tgz",
      "integrity": "sha512-IWnObHt413ucAYKsD9J1QShUKkbKLQQHdxRyw73sw4FN26iWr3DY/H34xGPe4nmL1DwXyWmSWmMrA9TfQbE/XQ==",
      "requires": {
        "loose-envify": "^1.1.0",
        "object-assign": "^4.1.1"
      }
    },
    "styled-system": {
      "version": "5.1.4",
      "resolved": "https://registry.npmjs.org/styled-system/-/styled-system-5.1.4.tgz",
      "integrity": "sha512-b1EdfZ41NDcR6vnvZauylhpFvSjsFl1yyQEUA+v3rLjcKdM//EIFY195Nh3YLwgj+hWIWsG0Tk1Kl0tq1xLw8Q==",
      "requires": {
        "@styled-system/background": "^5.1.2",
        "@styled-system/border": "^5.1.2",
        "@styled-system/color": "^5.1.2",
        "@styled-system/core": "^5.1.2",
        "@styled-system/flexbox": "^5.1.2",
        "@styled-system/grid": "^5.1.2",
        "@styled-system/layout": "^5.1.2",
        "@styled-system/position": "^5.1.2",
        "@styled-system/shadow": "^5.1.2",
        "@styled-system/space": "^5.1.2",
        "@styled-system/typography": "^5.1.2",
        "@styled-system/variant": "^5.1.4",
        "object-assign": "^4.1.1"
      }
    },
    "use-style": {
      "version": "github:myagoo/use-style#e98772f2f0ef819616498629cd0ba0b5c0f45919",
      "from": "github:myagoo/use-style#master",
      "requires": {
        "hash-sum": "^2.0.0",
        "styled-system": "^5.1.4"
      }
    }
  }
}
