# THIS IS AN AUTOGENERATED FILE. DO NOT EDIT THIS FILE DIRECTLY.
# yarn lockfile v1


aphrodite@1.2.0:
  version "1.2.0"
  resolved "https://registry.yarnpkg.com/aphrodite/-/aphrodite-1.2.0.tgz#c2f30bd1cdf6a550f4a29a0f1cf22ed10e825764"
  dependencies:
    asap "^2.0.3"
    inline-style-prefixer "^3.0.1"
    string-hash "^1.1.3"

asap@^2.0.3:
  version "2.0.5"
  resolved "https://registry.yarnpkg.com/asap/-/asap-2.0.5.tgz#522765b50c3510490e52d7dcfe085ef9ba96958f"

bowser@^1.6.0:
  version "1.6.1"
  resolved "https://registry.yarnpkg.com/bowser/-/bowser-1.6.1.tgz#9157e9498f456e937173a2918f3b2161e5353eb3"

css-in-js-utils@^1.0.3:
  version "1.0.3"
  resolved "https://registry.yarnpkg.com/css-in-js-utils/-/css-in-js-utils-1.0.3.tgz#9ac7e02f763cf85d94017666565ed68a5b5f3215"
  dependencies:
    hyphenate-style-name "^1.0.2"

hyphenate-style-name@^1.0.2:
  version "1.0.2"
  resolved "https://registry.yarnpkg.com/hyphenate-style-name/-/hyphenate-style-name-1.0.2.tgz#31160a36930adaf1fc04c6074f7eb41465d4ec4b"

inline-style-prefixer@^3.0.1:
  version "3.0.2"
  resolved "https://registry.yarnpkg.com/inline-style-prefixer/-/inline-style-prefixer-3.0.2.tgz#989865e0c5de7a946acbea71e16e02741efe0dd7"
  dependencies:
    bowser "^1.6.0"
    css-in-js-utils "^1.0.3"

string-hash@^1.1.3:
  version "1.1.3"
  resolved "https://registry.yarnpkg.com/string-hash/-/string-hash-1.1.3.tgz#e8aafc0ac1855b4666929ed7dd1275df5d6c811b"
