# THIS IS AN AUTOGENERATED FILE. DO NOT EDIT THIS FILE DIRECTLY.
# yarn lockfile v1
"@threepointone/glam@1.0.6":
  version "1.0.6"
  resolved "https://registry.yarnpkg.com/@threepointone/glam/-/glam-1.0.6.tgz#0aba87c7f46429c240b2969c4ae51077cd576490"
  dependencies:
    babylon "^6.17.0"
    touch "^1.0.0"

abbrev@1:
  version "1.1.0"
  resolved "https://registry.yarnpkg.com/abbrev/-/abbrev-1.1.0.tgz#d0554c2256636e2f56e7c2e5ad183f859428d81f"

babylon@^6.17.0:
  version "6.17.0"
  resolved "https://registry.yarnpkg.com/babylon/-/babylon-6.17.0.tgz#37da948878488b9c4e3c4038893fa3314b3fc932"

nopt@~1.0.10:
  version "1.0.10"
  resolved "https://registry.yarnpkg.com/nopt/-/nopt-1.0.10.tgz#6ddd21bd2a31417b92727dd585f8a6f37608ebee"
  dependencies:
    abbrev "1"

touch@^1.0.0:
  version "1.0.0"
  resolved "https://registry.yarnpkg.com/touch/-/touch-1.0.0.tgz#449cbe2dbae5a8c8038e30d71fa0ff464947c4de"
  dependencies:
    nopt "~1.0.10"

