# THIS IS AN AUTOGENERATED FILE. DO NOT EDIT THIS FILE DIRECTLY.
# yarn lockfile v1


"@babel/helper-annotate-as-pure@^7.0.0":
  version "7.0.0"
  resolved "https://registry.npmjs.org/@babel/helper-annotate-as-pure/-/helper-annotate-as-pure-7.0.0.tgz#323d39dd0b50e10c7c06ca7d7638e6864d8c5c32"
  dependencies:
    "@babel/types" "^7.0.0"

"@babel/helper-plugin-utils@^7.0.0":
  version "7.0.0"
  resolved "https://registry.npmjs.org/@babel/helper-plugin-utils/-/helper-plugin-utils-7.0.0.tgz#bbb3fbee98661c569034237cc03967ba99b4f250"

"@babel/plugin-syntax-jsx@^7.0.0":
  version "7.0.0"
  resolved "https://registry.npmjs.org/@babel/plugin-syntax-jsx/-/plugin-syntax-jsx-7.0.0.tgz#034d5e2b4e14ccaea2e4c137af7e4afb39375ffd"
  dependencies:
    "@babel/helper-plugin-utils" "^7.0.0"

"@babel/types@^7.0.0":
  version "7.1.6"
  resolved "https://registry.npmjs.org/@babel/types/-/types-7.1.6.tgz#0adb330c3a281348a190263aceb540e10f04bcce"
  dependencies:
    esutils "^2.0.2"
    lodash "^4.17.10"
    to-fast-properties "^2.0.0"

"@emotion/is-prop-valid@^0.6.8":
  version "0.6.8"
  resolved "https://registry.npmjs.org/@emotion/is-prop-valid/-/is-prop-valid-0.6.8.tgz#68ad02831da41213a2089d2cab4e8ac8b30cbd85"
  dependencies:
    "@emotion/memoize" "^0.6.6"

"@emotion/memoize@^0.6.6":
  version "0.6.6"
  resolved "https://registry.npmjs.org/@emotion/memoize/-/memoize-0.6.6.tgz#004b98298d04c7ca3b4f50ca2035d4f60d2eed1b"

"@emotion/unitless@^0.7.0":
  version "0.7.3"
  resolved "https://registry.npmjs.org/@emotion/unitless/-/unitless-0.7.3.tgz#6310a047f12d21a1036fb031317219892440416f"

asap@~2.0.3:
  version "2.0.6"
  resolved "https://registry.yarnpkg.com/asap/-/asap-2.0.6.tgz#e50347611d7e690943208bbdafebcbc2fb866d46"

babel-plugin-styled-components@1.9.1:
  version "1.9.1"
  resolved "https://registry.npmjs.org/babel-plugin-styled-components/-/babel-plugin-styled-components-1.9.1.tgz#53dde7a9cdff22a16db197129b1e68160c926e8b"
  dependencies:
    "@babel/helper-annotate-as-pure" "^7.0.0"
    babel-plugin-syntax-jsx "^6.18.0"
    lodash "^4.17.10"

"babel-plugin-styled-components@>= 1":
  version "1.9.0"
  resolved "https://registry.npmjs.org/babel-plugin-styled-components/-/babel-plugin-styled-components-1.9.0.tgz#7b814bbe55900d9e0f6ec2c66741a1992c1c4a3d"
  dependencies:
    "@babel/helper-annotate-as-pure" "^7.0.0"
    "@babel/plugin-syntax-jsx" "^7.0.0"
    lodash "^4.17.10"

babel-plugin-syntax-jsx@^6.18.0:
  version "6.18.0"
  resolved "http://registry.npmjs.org/babel-plugin-syntax-jsx/-/babel-plugin-syntax-jsx-6.18.0.tgz#0af32a9a6e13ca7a3fd5069e62d7b0f58d0d8946"

core-js@^1.0.0:
  version "1.2.7"
  resolved "https://registry.yarnpkg.com/core-js/-/core-js-1.2.7.tgz#652294c14651db28fa93bd2d5ff2983a4f08c636"

css-color-keywords@^1.0.0:
  version "1.0.0"
  resolved "https://registry.yarnpkg.com/css-color-keywords/-/css-color-keywords-1.0.0.tgz#fea2616dc676b2962686b3af8dbdbe180b244e05"

css-to-react-native@^2.2.2:
  version "2.2.2"
  resolved "https://registry.npmjs.org/css-to-react-native/-/css-to-react-native-2.2.2.tgz#c077d0f7bf3e6c915a539e7325821c9dd01f9965"
  dependencies:
    css-color-keywords "^1.0.0"
    fbjs "^0.8.5"
    postcss-value-parser "^3.3.0"

encoding@^0.1.11:
  version "0.1.12"
  resolved "https://registry.yarnpkg.com/encoding/-/encoding-0.1.12.tgz#538b66f3ee62cd1ab51ec323829d1f9480c74beb"
  dependencies:
    iconv-lite "~0.4.13"

esutils@^2.0.2:
  version "2.0.2"
  resolved "https://registry.npmjs.org/esutils/-/esutils-2.0.2.tgz#0abf4f1caa5bcb1f7a9d8acc6dea4faaa04bac9b"

fbjs@^0.8.5, fbjs@^0.8.9:
  version "0.8.14"
  resolved "https://registry.yarnpkg.com/fbjs/-/fbjs-0.8.14.tgz#d1dbe2be254c35a91e09f31f9cd50a40b2a0ed1c"
  dependencies:
    core-js "^1.0.0"
    isomorphic-fetch "^2.1.1"
    loose-envify "^1.0.0"
    object-assign "^4.1.0"
    promise "^7.1.1"
    setimmediate "^1.0.5"
    ua-parser-js "^0.7.9"

has-flag@^3.0.0:
  version "3.0.0"
  resolved "https://registry.npmjs.org/has-flag/-/has-flag-3.0.0.tgz#b5d454dc2199ae225699f3467e5a07f3b955bafd"

iconv-lite@~0.4.13:
  version "0.4.18"
  resolved "https://registry.yarnpkg.com/iconv-lite/-/iconv-lite-0.4.18.tgz#23d8656b16aae6742ac29732ea8f0336a4789cf2"

is-stream@^1.0.1:
  version "1.1.0"
  resolved "https://registry.yarnpkg.com/is-stream/-/is-stream-1.1.0.tgz#12d4a3dd4e68e0b79ceb8dbc84173ae80d91ca44"

isomorphic-fetch@^2.1.1:
  version "2.2.1"
  resolved "https://registry.yarnpkg.com/isomorphic-fetch/-/isomorphic-fetch-2.2.1.tgz#611ae1acf14f5e81f729507472819fe9733558a9"
  dependencies:
    node-fetch "^1.0.1"
    whatwg-fetch ">=0.10.0"

js-tokens@^3.0.0:
  version "3.0.2"
  resolved "https://registry.yarnpkg.com/js-tokens/-/js-tokens-3.0.2.tgz#9866df395102130e38f7f996bceb65443209c25b"

lodash@^4.17.10:
  version "4.17.11"
  resolved "https://registry.npmjs.org/lodash/-/lodash-4.17.11.tgz#b39ea6229ef607ecd89e2c8df12536891cac9b8d"

loose-envify@^1.0.0, loose-envify@^1.3.1:
  version "1.3.1"
  resolved "https://registry.yarnpkg.com/loose-envify/-/loose-envify-1.3.1.tgz#d1a8ad33fa9ce0e713d65fdd0ac8b748d478c848"
  dependencies:
    js-tokens "^3.0.0"

memoize-one@^4.0.0:
  version "4.0.3"
  resolved "https://registry.npmjs.org/memoize-one/-/memoize-one-4.0.3.tgz#cdfdd942853f1a1b4c71c5336b8c49da0bf0273c"

node-fetch@^1.0.1:
  version "1.7.1"
  resolved "https://registry.yarnpkg.com/node-fetch/-/node-fetch-1.7.1.tgz#899cb3d0a3c92f952c47f1b876f4c8aeabd400d5"
  dependencies:
    encoding "^0.1.11"
    is-stream "^1.0.1"

object-assign@^4.1.0:
  version "4.1.1"
  resolved "https://registry.yarnpkg.com/object-assign/-/object-assign-4.1.1.tgz#2109adc7965887cfc05cbbd442cac8bfbb360863"

postcss-value-parser@^3.3.0:
  version "3.3.0"
  resolved "https://registry.yarnpkg.com/postcss-value-parser/-/postcss-value-parser-3.3.0.tgz#87f38f9f18f774a4ab4c8a232f5c5ce8872a9d15"

promise@^7.1.1:
  version "7.3.1"
  resolved "https://registry.yarnpkg.com/promise/-/promise-7.3.1.tgz#064b72602b18f90f29192b8b1bc418ffd1ebd3bf"
  dependencies:
    asap "~2.0.3"

prop-types@^15.5.4:
  version "15.5.10"
  resolved "https://registry.yarnpkg.com/prop-types/-/prop-types-15.5.10.tgz#2797dfc3126182e3a95e3dfbb2e893ddd7456154"
  dependencies:
    fbjs "^0.8.9"
    loose-envify "^1.3.1"

react-is@^16.6.0:
  version "16.6.3"
  resolved "https://registry.npmjs.org/react-is/-/react-is-16.6.3.tgz#d2d7462fcfcbe6ec0da56ad69047e47e56e7eac0"

setimmediate@^1.0.5:
  version "1.0.5"
  resolved "https://registry.yarnpkg.com/setimmediate/-/setimmediate-1.0.5.tgz#290cbb232e306942d7d7ea9b83732ab7856f8285"

styled-components@4.1.1:
  version "4.1.1"
  resolved "https://registry.npmjs.org/styled-components/-/styled-components-4.1.1.tgz#943922048fae556e286bcbfdd29da4f1399446bc"
  dependencies:
    "@emotion/is-prop-valid" "^0.6.8"
    "@emotion/unitless" "^0.7.0"
    babel-plugin-styled-components ">= 1"
    css-to-react-native "^2.2.2"
    memoize-one "^4.0.0"
    prop-types "^15.5.4"
    react-is "^16.6.0"
    stylis "^3.5.0"
    stylis-rule-sheet "^0.0.10"
    supports-color "^5.5.0"

stylis-rule-sheet@^0.0.10:
  version "0.0.10"
  resolved "https://registry.npmjs.org/stylis-rule-sheet/-/stylis-rule-sheet-0.0.10.tgz#44e64a2b076643f4b52e5ff71efc04d8c3c4a430"

stylis@^3.5.0:
  version "3.5.4"
  resolved "https://registry.npmjs.org/stylis/-/stylis-3.5.4.tgz#f665f25f5e299cf3d64654ab949a57c768b73fbe"

supports-color@^5.5.0:
  version "5.5.0"
  resolved "https://registry.npmjs.org/supports-color/-/supports-color-5.5.0.tgz#e2e69a44ac8772f78a1ec0b35b689df6530efc8f"
  dependencies:
    has-flag "^3.0.0"

to-fast-properties@^2.0.0:
  version "2.0.0"
  resolved "https://registry.npmjs.org/to-fast-properties/-/to-fast-properties-2.0.0.tgz#dc5e698cbd079265bc73e0377681a4e4e83f616e"

ua-parser-js@^0.7.9:
  version "0.7.14"
  resolved "https://registry.yarnpkg.com/ua-parser-js/-/ua-parser-js-0.7.14.tgz#110d53fa4c3f326c121292bbeac904d2e03387ca"

whatwg-fetch@>=0.10.0:
  version "2.0.3"
  resolved "https://registry.yarnpkg.com/whatwg-fetch/-/whatwg-fetch-2.0.3.tgz#9c84ec2dcf68187ff00bc64e1274b442176e1c84"
