# THIS IS AN AUTOGENERATED FILE. DO NOT EDIT THIS FILE DIRECTLY.
# yarn lockfile v1


css-vendor@^0.3.8:
  version "0.3.8"
  resolved "https://registry.yarnpkg.com/css-vendor/-/css-vendor-0.3.8.tgz#6421cfd3034ce664fe7673972fd0119fc28941fa"
  dependencies:
    is-in-browser "^1.0.2"

is-in-browser@1.0.2, is-in-browser@^1.0.2:
  version "1.0.2"
  resolved "https://registry.yarnpkg.com/is-in-browser/-/is-in-browser-1.0.2.tgz#f688bea8f1e5aadc3244ebc870d188cfb9b613cf"

is-react-prop@^0.1.2:
  version "0.1.2"
  resolved "https://registry.yarnpkg.com/is-react-prop/-/is-react-prop-0.1.2.tgz#b22fbcf6190e91e81939132a110bb94642b56903"

js-tokens@^3.0.0:
  version "3.0.1"
  resolved "https://registry.yarnpkg.com/js-tokens/-/js-tokens-3.0.1.tgz#08e9f132484a2c45a30907e9dc4d5567b7f114d7"

jss-camel-case@^4.0.0:
  version "4.0.0"
  resolved "https://registry.yarnpkg.com/jss-camel-case/-/jss-camel-case-4.0.0.tgz#39ef2a137aaa1e2f160ab826845305f8efabcfd5"

jss-compose@^3.0.0:
  version "3.0.1"
  resolved "https://registry.yarnpkg.com/jss-compose/-/jss-compose-3.0.1.tgz#0ac07f20baf1d523c211016d383dab08dcfe4186"
  dependencies:
    warning "^3.0.0"

jss-default-unit@^6.0.0:
  version "6.1.1"
  resolved "https://registry.yarnpkg.com/jss-default-unit/-/jss-default-unit-6.1.1.tgz#a9a04887a3860d2a8ceb73ddfbc2ddcf808bacb2"

jss-expand@^3.0.0:
  version "3.0.1"
  resolved "https://registry.yarnpkg.com/jss-expand/-/jss-expand-3.0.1.tgz#90f1b30ad0ab700e666ea54f7186341c50d7feed"

jss-extend@^4.0.0:
  version "4.0.1"
  resolved "https://registry.yarnpkg.com/jss-extend/-/jss-extend-4.0.1.tgz#6b716a1b217ba32715dbcb69940ec67b35c415dc"
  dependencies:
    warning "^3.0.0"

jss-global@^1.0.0:
  version "1.0.1"
  resolved "https://registry.yarnpkg.com/jss-global/-/jss-global-1.0.1.tgz#36731778f6d8649110611f7c178dbcd60fd92b24"

jss-nested@^4.0.0:
  version "4.0.1"
  resolved "https://registry.yarnpkg.com/jss-nested/-/jss-nested-4.0.1.tgz#f50cc206430c8a920ccd54e3b756f7fc72455130"
  dependencies:
    warning "^3.0.0"

jss-preset-default@^2.0.0:
  version "2.0.0"
  resolved "https://registry.yarnpkg.com/jss-preset-default/-/jss-preset-default-2.0.0.tgz#0368d99626b31067e8d04ab3c7cb17ba8354d422"
  dependencies:
    jss-camel-case "^4.0.0"
    jss-compose "^3.0.0"
    jss-default-unit "^6.0.0"
    jss-expand "^3.0.0"
    jss-extend "^4.0.0"
    jss-global "^1.0.0"
    jss-nested "^4.0.0"
    jss-props-sort "^4.0.0"
    jss-vendor-prefixer "^5.0.0"

jss-props-sort@^4.0.0:
  version "4.0.0"
  resolved "https://registry.yarnpkg.com/jss-props-sort/-/jss-props-sort-4.0.0.tgz#ef4239c6795ca304c18dce9e0395a1789ed9f78a"

jss-vendor-prefixer@^5.0.0:
  version "5.1.0"
  resolved "https://registry.yarnpkg.com/jss-vendor-prefixer/-/jss-vendor-prefixer-5.1.0.tgz#59b73544de81e6b2efd71f6d3b744671826865a2"
  dependencies:
    css-vendor "^0.3.8"

jss@7.1.1, jss@^7.1.1:
  version "7.1.1"
  resolved "https://registry.yarnpkg.com/jss/-/jss-7.1.1.tgz#b04ce8bfa60123a8b423e0edf17af8d008a5e8e5"
  dependencies:
    is-in-browser "1.0.2"
    warning "3.0.0"

loose-envify@^1.0.0:
  version "1.3.1"
  resolved "https://registry.yarnpkg.com/loose-envify/-/loose-envify-1.3.1.tgz#d1a8ad33fa9ce0e713d65fdd0ac8b748d478c848"
  dependencies:
    js-tokens "^3.0.0"

styled-jss@0.6.3:
  version "0.6.3"
  resolved "https://registry.yarnpkg.com/styled-jss/-/styled-jss-0.6.3.tgz#c31dc46a57832501b111ee91b99a3a198766fcab"
  dependencies:
    is-react-prop "^0.1.2"
    jss "^7.1.1"
    jss-preset-default "^2.0.0"

warning@3.0.0, warning@^3.0.0:
  version "3.0.0"
  resolved "https://registry.yarnpkg.com/warning/-/warning-3.0.0.tgz#32e5377cb572de4ab04753bdf8821c01ed605b7c"
  dependencies:
    loose-envify "^1.0.0"
