# THIS IS AN AUTOGENERATED FILE. DO NOT EDIT THIS FILE DIRECTLY.
# yarn lockfile v1


"@arr/foreach@^0.1.0":
  version "0.1.0"
  resolved "https://registry.yarnpkg.com/@arr/foreach/-/foreach-0.1.0.tgz#d2af4f43e74291e8841a95a7fce52cae39b497af"

"@arr/map@^0.1.0":
  version "0.1.0"
  resolved "https://registry.yarnpkg.com/@arr/map/-/map-0.1.0.tgz#dc659eb12796549751ee086fc32d5d2251663f74"

abbrev@1:
  version "1.1.0"
  resolved "https://registry.yarnpkg.com/abbrev/-/abbrev-1.1.0.tgz#d0554c2256636e2f56e7c2e5ad183f859428d81f"

ansi-styles@^3.1.0:
  version "3.1.0"
  resolved "https://registry.yarnpkg.com/ansi-styles/-/ansi-styles-3.1.0.tgz#09c202d5c917ec23188caa5c9cb9179cd9547750"
  dependencies:
    color-convert "^1.0.0"

asap@~2.0.3:
  version "2.0.5"
  resolved "https://registry.yarnpkg.com/asap/-/asap-2.0.5.tgz#522765b50c3510490e52d7dcfe085ef9ba96958f"

autoprefixer@^7.1.2:
  version "7.1.2"
  resolved "https://registry.yarnpkg.com/autoprefixer/-/autoprefixer-7.1.2.tgz#fbeaf07d48fd878e0682bf7cbeeade728adb2b18"
  dependencies:
    browserslist "^2.1.5"
    caniuse-lite "^1.0.30000697"
    normalize-range "^0.1.2"
    num2fraction "^1.2.2"
    postcss "^6.0.6"
    postcss-value-parser "^3.2.3"

babel-plugin-emotion@^7.1.0:
  version "7.1.0"
  resolved "https://registry.yarnpkg.com/babel-plugin-emotion/-/babel-plugin-emotion-7.1.0.tgz#a426861c50f2c42b9d15aef8796da143752a981b"
  dependencies:
    autoprefixer "^7.1.2"
    babel-plugin-syntax-jsx "^6.18.0"
    emotion-utils "^7.1.0"
    postcss "^6.0.9"
    postcss-js "^1.0.0"
    postcss-nested "^2.1.1"
    touch "^1.0.0"

babel-plugin-syntax-jsx@^6.18.0:
  version "6.18.0"
  resolved "https://registry.yarnpkg.com/babel-plugin-syntax-jsx/-/babel-plugin-syntax-jsx-6.18.0.tgz#0af32a9a6e13ca7a3fd5069e62d7b0f58d0d8946"

brcast@^2.0.0:
  version "2.0.1"
  resolved "https://registry.yarnpkg.com/brcast/-/brcast-2.0.1.tgz#4311508f0634a6f5a2465b6cf2db27f06902aaca"

browserslist@^2.1.5:
  version "2.2.0"
  resolved "https://registry.yarnpkg.com/browserslist/-/browserslist-2.2.0.tgz#5e35ec993e467c6464b8cb708447386891de9f50"
  dependencies:
    caniuse-lite "^1.0.30000701"
    electron-to-chromium "^1.3.15"

camelcase-css@^1.0.1:
  version "1.0.1"
  resolved "https://registry.yarnpkg.com/camelcase-css/-/camelcase-css-1.0.1.tgz#157c4238265f5cf94a1dffde86446552cbf3f705"

caniuse-lite@^1.0.30000697, caniuse-lite@^1.0.30000701:
  version "1.0.30000703"
  resolved "https://registry.yarnpkg.com/caniuse-lite/-/caniuse-lite-1.0.30000703.tgz#666e8c3f1e4f7abb1d16d48e04e7e9e8df934925"

chalk@^2.0.1:
  version "2.0.1"
  resolved "https://registry.yarnpkg.com/chalk/-/chalk-2.0.1.tgz#dbec49436d2ae15f536114e76d14656cdbc0f44d"
  dependencies:
    ansi-styles "^3.1.0"
    escape-string-regexp "^1.0.5"
    supports-color "^4.0.0"

chalk@^2.1.0:
  version "2.1.0"
  resolved "https://registry.yarnpkg.com/chalk/-/chalk-2.1.0.tgz#ac5becf14fa21b99c6c92ca7a7d7cfd5b17e743e"
  dependencies:
    ansi-styles "^3.1.0"
    escape-string-regexp "^1.0.5"
    supports-color "^4.0.0"

color-convert@^1.0.0:
  version "1.9.0"
  resolved "https://registry.yarnpkg.com/color-convert/-/color-convert-1.9.0.tgz#1accf97dd739b983bf994d56fec8f95853641b7a"
  dependencies:
    color-name "^1.1.1"

color-name@^1.1.1:
  version "1.1.3"
  resolved "https://registry.yarnpkg.com/color-name/-/color-name-1.1.3.tgz#a7d0558bd89c42f795dd42328f740831ca53bc25"

core-js@^1.0.0:
  version "1.2.7"
  resolved "https://registry.yarnpkg.com/core-js/-/core-js-1.2.7.tgz#652294c14651db28fa93bd2d5ff2983a4f08c636"

create-react-class@^15.6.0:
  version "15.6.0"
  resolved "https://registry.yarnpkg.com/create-react-class/-/create-react-class-15.6.0.tgz#ab448497c26566e1e29413e883207d57cfe7bed4"
  dependencies:
    fbjs "^0.8.9"
    loose-envify "^1.3.1"
    object-assign "^4.1.1"

electron-to-chromium@^1.3.15:
  version "1.3.16"
  resolved "https://registry.yarnpkg.com/electron-to-chromium/-/electron-to-chromium-1.3.16.tgz#d0e026735754770901ae301a21664cba45d92f7d"

emotion-server@^7.2.0:
  version "7.2.0"
  resolved "https://registry.yarnpkg.com/emotion-server/-/emotion-server-7.2.0.tgz#be7c8ffd4e7e2e56fcdf8e94b42b545ddecbd7f6"
  dependencies:
    emotion "^7.2.0"
    emotion-utils "^7.1.0"

emotion-utils@^7.1.0:
  version "7.1.0"
  resolved "https://registry.yarnpkg.com/emotion-utils/-/emotion-utils-7.1.0.tgz#e59fb81e1edf3a50c4ed79f48f03123a0e7dfcb1"
  dependencies:
    fbjs "^0.8.12"

emotion@^7.0.3, emotion@^7.2.0:
  version "7.2.0"
  resolved "https://registry.yarnpkg.com/emotion/-/emotion-7.2.0.tgz#52badb10c89c4d34a97820684dd04efd575b31a7"
  dependencies:
    babel-plugin-emotion "^7.1.0"
    emotion-server "^7.2.0"
    emotion-utils "^7.1.0"
    react-emotion "^7.2.0"

encoding@^0.1.11:
  version "0.1.12"
  resolved "https://registry.yarnpkg.com/encoding/-/encoding-0.1.12.tgz#538b66f3ee62cd1ab51ec323829d1f9480c74beb"
  dependencies:
    iconv-lite "~0.4.13"

escape-string-regexp@^1.0.5:
  version "1.0.5"
  resolved "https://registry.yarnpkg.com/escape-string-regexp/-/escape-string-regexp-1.0.5.tgz#1b61c0562190a8dff6ae3bb2cf0200ca130b86d4"

fbjs@^0.8.12:
  version "0.8.14"
  resolved "https://registry.yarnpkg.com/fbjs/-/fbjs-0.8.14.tgz#d1dbe2be254c35a91e09f31f9cd50a40b2a0ed1c"
  dependencies:
    core-js "^1.0.0"
    isomorphic-fetch "^2.1.1"
    loose-envify "^1.0.0"
    object-assign "^4.1.0"
    promise "^7.1.1"
    setimmediate "^1.0.5"
    ua-parser-js "^0.7.9"

fbjs@^0.8.9:
  version "0.8.12"
  resolved "https://registry.yarnpkg.com/fbjs/-/fbjs-0.8.12.tgz#10b5d92f76d45575fd63a217d4ea02bea2f8ed04"
  dependencies:
    core-js "^1.0.0"
    isomorphic-fetch "^2.1.1"
    loose-envify "^1.0.0"
    object-assign "^4.1.0"
    promise "^7.1.1"
    setimmediate "^1.0.5"
    ua-parser-js "^0.7.9"

flatten@^1.0.2:
  version "1.0.2"
  resolved "https://registry.yarnpkg.com/flatten/-/flatten-1.0.2.tgz#dae46a9d78fbe25292258cc1e780a41d95c03782"

has-flag@^2.0.0:
  version "2.0.0"
  resolved "https://registry.yarnpkg.com/has-flag/-/has-flag-2.0.0.tgz#e8207af1cc7b30d446cc70b734b5e8be18f88d51"

iconv-lite@~0.4.13:
  version "0.4.18"
  resolved "https://registry.yarnpkg.com/iconv-lite/-/iconv-lite-0.4.18.tgz#23d8656b16aae6742ac29732ea8f0336a4789cf2"

indexes-of@^1.0.1:
  version "1.0.1"
  resolved "https://registry.yarnpkg.com/indexes-of/-/indexes-of-1.0.1.tgz#f30f716c8e2bd346c7b67d3df3915566a7c05607"

is-function@^1.0.1:
  version "1.0.1"
  resolved "https://registry.yarnpkg.com/is-function/-/is-function-1.0.1.tgz#12cfb98b65b57dd3d193a3121f5f6e2f437602b5"

is-plain-object@^2.0.1:
  version "2.0.3"
  resolved "https://registry.yarnpkg.com/is-plain-object/-/is-plain-object-2.0.3.tgz#c15bf3e4b66b62d72efaf2925848663ecbc619b6"
  dependencies:
    isobject "^3.0.0"

is-stream@^1.0.1:
  version "1.1.0"
  resolved "https://registry.yarnpkg.com/is-stream/-/is-stream-1.1.0.tgz#12d4a3dd4e68e0b79ceb8dbc84173ae80d91ca44"

isobject@^3.0.0:
  version "3.0.0"
  resolved "https://registry.yarnpkg.com/isobject/-/isobject-3.0.0.tgz#39565217f3661789e8a0a0c080d5f7e6bc46e1a0"

isomorphic-fetch@^2.1.1:
  version "2.2.1"
  resolved "https://registry.yarnpkg.com/isomorphic-fetch/-/isomorphic-fetch-2.2.1.tgz#611ae1acf14f5e81f729507472819fe9733558a9"
  dependencies:
    node-fetch "^1.0.1"
    whatwg-fetch ">=0.10.0"

js-tokens@^3.0.0:
  version "3.0.2"
  resolved "https://registry.yarnpkg.com/js-tokens/-/js-tokens-3.0.2.tgz#9866df395102130e38f7f996bceb65443209c25b"

loose-envify@^1.0.0, loose-envify@^1.1.0, loose-envify@^1.3.1:
  version "1.3.1"
  resolved "https://registry.yarnpkg.com/loose-envify/-/loose-envify-1.3.1.tgz#d1a8ad33fa9ce0e713d65fdd0ac8b748d478c848"
  dependencies:
    js-tokens "^3.0.0"

node-fetch@^1.0.1:
  version "1.7.1"
  resolved "https://registry.yarnpkg.com/node-fetch/-/node-fetch-1.7.1.tgz#899cb3d0a3c92f952c47f1b876f4c8aeabd400d5"
  dependencies:
    encoding "^0.1.11"
    is-stream "^1.0.1"

nopt@~1.0.10:
  version "1.0.10"
  resolved "https://registry.yarnpkg.com/nopt/-/nopt-1.0.10.tgz#6ddd21bd2a31417b92727dd585f8a6f37608ebee"
  dependencies:
    abbrev "1"

normalize-range@^0.1.2:
  version "0.1.2"
  resolved "https://registry.yarnpkg.com/normalize-range/-/normalize-range-0.1.2.tgz#2d10c06bdfd312ea9777695a4d28439456b75942"

num2fraction@^1.2.2:
  version "1.2.2"
  resolved "https://registry.yarnpkg.com/num2fraction/-/num2fraction-1.2.2.tgz#6f682b6a027a4e9ddfa4564cd2589d1d4e669ede"

object-assign@^4.1.0, object-assign@^4.1.1:
  version "4.1.1"
  resolved "https://registry.yarnpkg.com/object-assign/-/object-assign-4.1.1.tgz#2109adc7965887cfc05cbbd442cac8bfbb360863"

postcss-js@^1.0.0:
  version "1.0.0"
  resolved "https://registry.yarnpkg.com/postcss-js/-/postcss-js-1.0.0.tgz#ccee5aa3b1970dd457008e79438165f66919ba30"
  dependencies:
    camelcase-css "^1.0.1"
    postcss "^6.0.1"

postcss-nested@^2.1.1:
  version "2.1.2"
  resolved "https://registry.yarnpkg.com/postcss-nested/-/postcss-nested-2.1.2.tgz#04057281f9631fef684857fb0119bae04ede03c6"
  dependencies:
    postcss "^6.0.9"
    postcss-selector-parser "^2.2.3"

postcss-selector-parser@^2.2.3:
  version "2.2.3"
  resolved "https://registry.yarnpkg.com/postcss-selector-parser/-/postcss-selector-parser-2.2.3.tgz#f9437788606c3c9acee16ffe8d8b16297f27bb90"
  dependencies:
    flatten "^1.0.2"
    indexes-of "^1.0.1"
    uniq "^1.0.1"

postcss-value-parser@^3.2.3:
  version "3.3.0"
  resolved "https://registry.yarnpkg.com/postcss-value-parser/-/postcss-value-parser-3.3.0.tgz#87f38f9f18f774a4ab4c8a232f5c5ce8872a9d15"

postcss@^6.0.1, postcss@^6.0.6:
  version "6.0.8"
  resolved "https://registry.yarnpkg.com/postcss/-/postcss-6.0.8.tgz#89067a9ce8b11f8a84cbc5117efc30419a0857b3"
  dependencies:
    chalk "^2.0.1"
    source-map "^0.5.6"
    supports-color "^4.2.0"

postcss@^6.0.9:
  version "6.0.10"
  resolved "https://registry.yarnpkg.com/postcss/-/postcss-6.0.10.tgz#c311b89734483d87a91a56dc9e53f15f4e6e84e4"
  dependencies:
    chalk "^2.1.0"
    source-map "^0.5.7"
    supports-color "^4.2.1"

promise@^7.1.1:
  version "7.3.1"
  resolved "https://registry.yarnpkg.com/promise/-/promise-7.3.1.tgz#064b72602b18f90f29192b8b1bc418ffd1ebd3bf"
  dependencies:
    asap "~2.0.3"

prop-types@^15.5.10, prop-types@^15.5.8:
  version "15.5.10"
  resolved "https://registry.yarnpkg.com/prop-types/-/prop-types-15.5.10.tgz#2797dfc3126182e3a95e3dfbb2e893ddd7456154"
  dependencies:
    fbjs "^0.8.9"
    loose-envify "^1.3.1"

react-emotion@^7.2.0:
  version "7.2.0"
  resolved "https://registry.yarnpkg.com/react-emotion/-/react-emotion-7.2.0.tgz#e5331036aeb30e3fd374f4cf948fd8ddd980be74"
  dependencies:
    babel-plugin-emotion "^7.1.0"
    emotion "^7.2.0"
    emotion-utils "^7.1.0"

react@^15.5.4:
  version "15.6.1"
  resolved "https://registry.yarnpkg.com/react/-/react-15.6.1.tgz#baa8434ec6780bde997cdc380b79cd33b96393df"
  dependencies:
    create-react-class "^15.6.0"
    fbjs "^0.8.9"
    loose-envify "^1.1.0"
    object-assign "^4.1.0"
    prop-types "^15.5.10"

setimmediate@^1.0.5:
  version "1.0.5"
  resolved "https://registry.yarnpkg.com/setimmediate/-/setimmediate-1.0.5.tgz#290cbb232e306942d7d7ea9b83732ab7856f8285"

source-map@^0.5.6:
  version "0.5.6"
  resolved "https://registry.yarnpkg.com/source-map/-/source-map-0.5.6.tgz#75ce38f52bf0733c5a7f0c118d81334a2bb5f412"

source-map@^0.5.7:
  version "0.5.7"
  resolved "https://registry.yarnpkg.com/source-map/-/source-map-0.5.7.tgz#8a039d2d1021d22d1ea14c80d8ea468ba2ef3fcc"

supports-color@^4.0.0, supports-color@^4.2.0:
  version "4.2.0"
  resolved "https://registry.yarnpkg.com/supports-color/-/supports-color-4.2.0.tgz#ad986dc7eb2315d009b4d77c8169c2231a684037"
  dependencies:
    has-flag "^2.0.0"

supports-color@^4.2.1:
  version "4.2.1"
  resolved "https://registry.yarnpkg.com/supports-color/-/supports-color-4.2.1.tgz#65a4bb2631e90e02420dba5554c375a4754bb836"
  dependencies:
    has-flag "^2.0.0"

theming@^1.0.1:
  version "1.0.1"
  resolved "https://registry.yarnpkg.com/theming/-/theming-1.0.1.tgz#a3838c9de635e2f29fc9cd3dea4bf68d3c5a650a"
  dependencies:
    brcast "^2.0.0"
    is-function "^1.0.1"
    is-plain-object "^2.0.1"
    prop-types "^15.5.8"
    react "^15.5.4"

touch@^1.0.0:
  version "1.0.0"
  resolved "https://registry.yarnpkg.com/touch/-/touch-1.0.0.tgz#449cbe2dbae5a8c8038e30d71fa0ff464947c4de"
  dependencies:
    nopt "~1.0.10"

ua-parser-js@^0.7.9:
  version "0.7.13"
  resolved "https://registry.yarnpkg.com/ua-parser-js/-/ua-parser-js-0.7.13.tgz#cd9dd2f86493b3f44dbeeef3780fda74c5ee14be"

uniq@^1.0.1:
  version "1.0.1"
  resolved "https://registry.yarnpkg.com/uniq/-/uniq-1.0.1.tgz#b31c5ae8254844a3a8281541ce2b04b865a734ff"

whatwg-fetch@>=0.10.0:
  version "2.0.3"
  resolved "https://registry.yarnpkg.com/whatwg-fetch/-/whatwg-fetch-2.0.3.tgz#9c84ec2dcf68187ff00bc64e1274b442176e1c84"
