# THIS IS AN AUTOGENERATED FILE. DO NOT EDIT THIS FILE DIRECTLY.
# yarn lockfile v1


classnames@^2.2.5:
  version "2.2.5"
  resolved "https://registry.yarnpkg.com/classnames/-/classnames-2.2.5.tgz#fb3801d453467649ef3603c7d61a02bd129bde6d"

is-react-prop@^0.1.2:
  version "0.1.2"
  resolved "https://registry.yarnpkg.com/is-react-prop/-/is-react-prop-0.1.2.tgz#b22fbcf6190e91e81939132a110bb94642b56903"

lodash@^4.17.4:
  version "4.17.4"
  resolved "https://registry.yarnpkg.com/lodash/-/lodash-4.17.4.tgz#78203a4d1c328ae1d86dca6460e369b57f4055ae"

performance-now@~0.2.0:
  version "0.2.0"
  resolved "https://registry.yarnpkg.com/performance-now/-/performance-now-0.2.0.tgz#33ef30c5c77d4ea21c5a53869d91b56d8f2555e5"

raf@^3.3.0:
  version "3.3.0"
  resolved "https://registry.yarnpkg.com/raf/-/raf-3.3.0.tgz#93845eeffc773f8129039f677f80a36044eee2c3"
  dependencies:
    performance-now "~0.2.0"

rockey-react@0.0.12-alpha.f87220ea:
  version "0.0.12-alpha.f87220ea"
  resolved "https://registry.yarnpkg.com/rockey-react/-/rockey-react-0.0.12-alpha.f87220ea.tgz#f2721c19605330b21dc470b369e7f314be3af036"
  dependencies:
    classnames "^2.2.5"
    is-react-prop "^0.1.2"
    lodash "^4.17.4"
    rockey "^0.0.8-alpha.f87220ea"

rockey@^0.0.8-alpha.f87220ea:
  version "0.0.8-alpha.f87220ea"
  resolved "https://registry.yarnpkg.com/rockey/-/rockey-0.0.8-alpha.f87220ea.tgz#6f69cde3339a849b55b6f98154515df276aaebae"
  dependencies:
    classnames "^2.2.5"
    lodash "^4.17.4"
    raf "^3.3.0"
